PODS:
  - AFNetworking (2.6.3):
    - AFNetworking/NSURLConnection (= 2.6.3)
    - AFNetworking/NSURLSession (= 2.6.3)
    - AFNetworking/Reachability (= 2.6.3)
    - AFNetworking/Security (= 2.6.3)
    - AFNetworking/Serialization (= 2.6.3)
    - AFNetworking/UIKit (= 2.6.3)
  - AFNetworking/NSURLConnection (2.6.3):
    - AFNetworking/Reachability
    - AFNetworking/Security
    - AFNetworking/Serialization
  - AFNetworking/NSURLSession (2.6.3):
    - AFNetworking/Reachability
    - AFNetworking/Security
    - AFNetworking/Serialization
  - AFNetworking/Reachability (2.6.3)
  - AFNetworking/Security (2.6.3)
  - AFNetworking/Serialization (2.6.3)
  - AFNetworking/UIKit (2.6.3):
    - AFNetworking/NSURLConnection
    - AFNetworking/NSURLSession
  - AsyncDisplayKit (1.1.1):
    - AsyncDisplayKit/ASDealloc2MainObject (= 1.1.1)
  - AsyncDisplayKit/ASDealloc2MainObject (1.1.1)
  - FLAnimatedImage (1.0.8)
  - MBProgressHUD (0.9.1)
  - RIGiphyLib (1.0):
    - AFNetworking (~> 2.3)
    - AsyncDisplayKit
    - FLAnimatedImage (~> 1.0)
    - MBProgressHUD (~> 0.9.1)
  - TMCache (2.1.0)

DEPENDENCIES:
  - AsyncDisplayKit (from `https://github.com/ERussel/AsyncDisplayKit.git`, commit
    `d8d26b48c1693afd4caaca5e20274c4d6a1ba632`, branch `feed_implementation`)
  - RIGiphyLib (from `../`)
  - TMCache

EXTERNAL SOURCES:
  AsyncDisplayKit:
    :branch: feed_implementation
    :commit: d8d26b48c1693afd4caaca5e20274c4d6a1ba632
    :git: https://github.com/ERussel/AsyncDisplayKit.git
  RIGiphyLib:
    :path: ../

CHECKOUT OPTIONS:
  AsyncDisplayKit:
    :branch: feed_implementation
    :commit: d8d26b48c1693afd4caaca5e20274c4d6a1ba632
    :git: https://github.com/ERussel/AsyncDisplayKit.git

SPEC CHECKSUMS:
  AFNetworking: cb8d14a848e831097108418f5d49217339d4eb60
  AsyncDisplayKit: de270404aae9f070e1450e38840003691f9b5259
  FLAnimatedImage: f9422f796135aff80d8c00b2afc48015bb746e24
  MBProgressHUD: c47f2c166c126cf2ce36498d80f33e754d4e93ad
  RIGiphyLib: 08f19125f261e7c7977a8a08b1b3af663aaa943c
  TMCache: 95ebcc9b3c7e90fb5fd8fc3036cba3aa781c9bed

COCOAPODS: 0.39.0
